github.com/BurntSushi/toml v0.3.1 h1:WXkYYl6Yr3qBf1K79EBnL4mak0OimBfB0XUf9Vl28OQ=
github.com/BurntSushi/toml v0.3.1/go.mod h1:xHWCNGjB5oqiDr8zfno3MHue2Ht5sIBksp03qcyfWMU=
github.com/Shadow53/interparser v0.0.0-20180824221207-447023c68b15 h1:NczTE3LVmt0TF5FLGkHWuOffKgkzVe17bz+VsNdhGhQ=
github.com/Shadow53/interparser v0.0.0-20180824221207-447023c68b15/go.mod h1:sjVsQDPh6xjaWrK6lAzMCBL5fxqk71WqdVen463EPNo=
github.com/fsnotify/fsnotify v1.4.7 h1:IXs+QLmnXW2CcXuY+8Mzv/fWEsPGWxqefPtCP5CnV9I=
github.com/fsnotify/fsnotify v1.4.7/go.mod h1:jwhsz4b93w/PPRr/qN1Yymfu8t87LnFCMoQvtojpjFo=
gitlab.com/Shadow53/interparser v0.0.0-20180917044703-0aa5a277a97d h1:Di3885rw4GIwKrY/Z++UoIjhuBo+OlQl7PO3BWivoPU=
gitlab.com/Shadow53/interparser v0.0.0-20180917044703-0aa5a277a97d/go.mod h1:dVQerC7aCU5nCsjDXzMA6zl7hv+/8J2XqokwX8SBZmc=
gitlab.com/Shadow53/merge-config v0.0.0-20180813015256-a93bf6616c23 h1:+3lFOB91wggxZPsyfKPpZiOwsENDlijWfFgAWvHq2jc=
gitlab.com/Shadow53/merge-config v0.0.0-20180813015256-a93bf6616c23/go.mod h1:rqieZzOWAgc59JPK4ipVdReURGeeg9waNJ3P929r8KQ=
golang.org/x/sys v0.0.0-20190830142957-1e83adbbebd0 h1:7z820YPX9pxWR59qM7BE5+fglp4D/mKqAwCvGt11b+8=
golang.org/x/sys v0.0.0-20190830142957-1e83adbbebd0/go.mod h1:h1NjWce9XRLGQEsW7wpKNCjG9DtNlClVuFLEZdDNbEs=
